
Microsoft Visual Studio Solution File, Format Version 12.00
# Visual Studio 15
VisualStudioVersion = 15.0.28307.329
MinimumVisualStudioVersion = 10.0.40219.1
Project("{FAE04EC0-301F-11D3-BF4B-00C04F79EFBC}") = "FlightTracker", "FlightTracker\FlightTracker.csproj", "{3611C166-3B41-4A84-89DA-EF361F763DC1}"
EndProject
Global
	GlobalSection(SolutionConfigurationPlatforms) = preSolution
		Debug|Any CPU = Debug|Any CPU
		Release|Any CPU = Release|Any CPU
	EndGlobalSection
	GlobalSection(ProjectConfigurationPlatforms) = postSolution
		{3611C166-3B41-4A84-89DA-EF361F763DC1}.Debug|Any CPU.ActiveCfg = Debug|Any CPU
		{3611C166-3B41-4A84-89DA-EF361F763DC1}.Debug|Any CPU.Build.0 = Debug|Any CPU
		{3611C166-3B41-4A84-89DA-EF361F763DC1}.Release|Any CPU.ActiveCfg = Release|Any CPU
		{3611C166-3B41-4A84-89DA-EF361F763DC1}.Release|Any CPU.Build.0 = Release|Any CPU
	EndGlobalSection
	GlobalSection(SolutionProperties) = preSolution
		HideSolutionNode = FALSE
	EndGlobalSection
	GlobalSection(ExtensibilityGlobals) = postSolution
		SolutionGuid = {5BFFD078-B50F-4C40-A648-22F4E199E088}
	EndGlobalSection
EndGlobal
